
Microsoft Visual Studio Solution File, Format Version 12.00
# Visual Studio Version 16
VisualStudioVersion = 16.0.31624.102
MinimumVisualStudioVersion = 10.0.40219.1
Project("{9A19103F-16F7-4668-BE54-9A1E7A4F7556}") = "OnlineLibraryApp", "OnlineLibraryApp.csproj", "{E6B27CC7-002B-4543-9410-63EC369A4F37}"
EndProject
Global
	GlobalSection(SolutionConfigurationPlatforms) = preSolution
		Debug|Any CPU = Debug|Any CPU
		Release|Any CPU = Release|Any CPU
	EndGlobalSection
	GlobalSection(ProjectConfigurationPlatforms) = postSolution
		{E6B27CC7-002B-4543-9410-63EC369A4F37}.Debug|Any CPU.ActiveCfg = Debug|Any CPU
		{E6B27CC7-002B-4543-9410-63EC369A4F37}.Debug|Any CPU.Build.0 = Debug|Any CPU
		{E6B27CC7-002B-4543-9410-63EC369A4F37}.Release|Any CPU.ActiveCfg = Release|Any CPU
		{E6B27CC7-002B-4543-9410-63EC369A4F37}.Release|Any CPU.Build.0 = Release|Any CPU
	EndGlobalSection
	GlobalSection(SolutionProperties) = preSolution
		HideSolutionNode = FALSE
	EndGlobalSection
	GlobalSection(ExtensibilityGlobals) = postSolution
		SolutionGuid = {C4FDEE2A-1CDB-4921-8B83-5A4892607705}
	EndGlobalSection
EndGlobal
